// !$*UTF8*$!
{
	archiveVersion = 1;
	classes = {
	};
	objectVersion = 50;
	objects = {

/* Begin PBXBuildFile section */
		CB9F1BBF25AD18B900A40D9D /* AppDelegate.swift in Sources */ = {isa = PBXBuildFile; fileRef = CB9F1BBE25AD18B900A40D9D /* AppDelegate.swift */; };
		CB9F1BC125AD18B900A40D9D /* SceneDelegate.swift in Sources */ = {isa = PBXBuildFile; fileRef = CB9F1BC025AD18B900A40D9D /* SceneDelegate.swift */; };
		CB9F1BC325AD18B900A40D9D /* ViewController.swift in Sources */ = {isa = PBXBuildFile; fileRef = CB9F1BC225AD18B900A40D9D /* ViewController.swift */; };
		CB9F1BC625AD18B900A40D9D /* Main.storyboard in Resources */ = {isa = PBXBuildFile; fileRef = CB9F1BC425AD18B900A40D9D /* Main.storyboard */; };
		CB9F1BC825AD18BB00A40D9D /* Assets.xcassets in Resources */ = {isa = PBXBuildFile; fileRef = CB9F1BC725AD18BB00A40D9D /* Assets.xcassets */; };
		CB9F1BCB25AD18BB00A40D9D /* LaunchScreen.storyboard in Resources */ = {isa = PBXBuildFile; fileRef = CB9F1BC925AD18BB00A40D9D /* LaunchScreen.storyboard */; };
		CB9F1BD625AD18BB00A40D9D /* DailyNewsTests.swift in Sources */ = {isa = PBXBuildFile; fileRef = CB9F1BD525AD18BB00A40D9D /* DailyNewsTests.swift */; };
		CB9F1BE125AD18BC00A40D9D /* DailyNewsUITests.swift in Sources */ = {isa = PBXBuildFile; fileRef = CB9F1BE025AD18BC00A40D9D /* DailyNewsUITests.swift */; };
/* End PBXBuildFile section */

/* Begin PBXContainerItemProxy section */
		CB9F1BD225AD18BB00A40D9D /* PBXContainerItemProxy */ = {
			isa = PBXContainerItemProxy;
			containerPortal = CB9F1BB325AD18B800A40D9D /* Project object */;
			proxyType = 1;
			remoteGlobalIDString = CB9F1BBA25AD18B900A40D9D;
			remoteInfo = DailyNews;
		};
		CB9F1BDD25AD18BC00A40D9D /* PBXContainerItemProxy */ = {
			isa = PBXContainerItemProxy;
			containerPortal = CB9F1BB325AD18B800A40D9D /* Project object */;
			proxyType = 1;
			remoteGlobalIDString = CB9F1BBA25AD18B900A40D9D;
			remoteInfo = DailyNews;
		};
/* End PBXContainerItemProxy section */

/* Begin PBXFileReference section */
		CB9F1BBB25AD18B900A40D9D /* DailyNews.app */ = {isa = PBXFileReference; explicitFileType = wrapper.application; includeInIndex = 0; path = DailyNews.app; sourceTree = BUILT_PRODUCTS_DIR; };
		CB9F1BBE25AD18B900A40D9D /* AppDelegate.swift */ = {isa = PBXFileReference; lastKnownFileType = sourcecode.swift; path = AppDelegate.swift; sourceTree = "<group>"; };
		CB9F1BC025AD18B900A40D9D /* SceneDelegate.swift */ = {isa = PBXFileReference; lastKnownFileType = sourcecode.swift; path = SceneDelegate.swift; sourceTree = "<group>"; };
		CB9F1BC225AD18B900A40D9D /* ViewController.swift */ = {isa = PBXFileReference; lastKnownFileType = sourcecode.swift; path = ViewController.swift; sourceTree = "<group>"; };
		CB9F1BC525AD18B900A40D9D /* Base */ = {isa = PBXFileReference; lastKnownFileType = file.storyboard; name = Base; path = Base.lproj/Main.storyboard; sourceTree = "<group>"; };
		CB9F1BC725AD18BB00A40D9D /* Assets.xcassets */ = {isa = PBXFileReference; lastKnownFileType = folder.assetcatalog; path = Assets.xcassets; sourceTree = "<group>"; };
		CB9F1BCA25AD18BB00A40D9D /* Base */ = {isa = PBXFileReference; lastKnownFileType = file.storyboard; name = Base; path = Base.lproj/LaunchScreen.storyboard; sourceTree = "<group>"; };
		CB9F1BCC25AD18BB00A40D9D /* Info.plist */ = {isa = PBXFileReference; lastKnownFileType = text.plist.xml; path = Info.plist; sourceTree = "<group>"; };
		CB9F1BD125AD18BB00A40D9D /* DailyNewsTests.xctest */ = {isa = PBXFileReference; explicitFileType = wrapper.cfbundle; includeInIndex = 0; path = DailyNewsTests.xctest; sourceTree = BUILT_PRODUCTS_DIR; };
		CB9F1BD525AD18BB00A40D9D /* DailyNewsTests.swift */ = {isa = PBXFileReference; lastKnownFileType = sourcecode.swift; path = DailyNewsTests.swift; sourceTree = "<group>"; };
		CB9F1BD725AD18BB00A40D9D /* Info.plist */ = {isa = PBXFileReference; lastKnownFileType = text.plist.xml; path = Info.plist; sourceTree = "<group>"; };
		CB9F1BDC25AD18BC00A40D9D /* DailyNewsUITests.xctest */ = {isa = PBXFileReference; explicitFileType = wrapper.cfbundle; includeInIndex = 0; path = DailyNewsUITests.xctest; sourceTree = BUILT_PRODUCTS_DIR; };
		CB9F1BE025AD18BC00A40D9D /* DailyNewsUITests.swift */ = {isa = PBXFileReference; lastKnownFileType = sourcecode.swift; path = DailyNewsUITests.swift; sourceTree = "<group>"; };
		CB9F1BE225AD18BC00A40D9D /* Info.plist */ = {isa = PBXFileReference; lastKnownFileType = text.plist.xml; path = Info.plist; sourceTree = "<group>"; };
/* End PBXFileReference section */

/* Begin PBXFrameworksBuildPhase section */
		CB9F1BB825AD18B900A40D9D /* Frameworks */ = {
			isa = PBXFrameworksBuildPhase;
			buildActionMask = 2147483647;
			files = (
			);
			runOnlyForDeploymentPostprocessing = 0;
		};
		CB9F1BCE25AD18BB00A40D9D /* Frameworks */ = {
			isa = PBXFrameworksBuildPhase;
			buildActionMask = 2147483647;
			files = (
			);
			runOnlyForDeploymentPostprocessing = 0;
		};
		CB9F1BD925AD18BC00A40D9D /* Frameworks */ = {
			isa = PBXFrameworksBuildPhase;
			buildActionMask = 2147483647;
			files = (
			);
			runOnlyForDeploymentPostprocessing = 0;
		};
/* End PBXFrameworksBuildPhase section */

/* Begin PBXGroup section */
		CB9F1BB225AD18B800A40D9D = {
			isa = PBXGroup;
			children = (
				CB9F1BBD25AD18B900A40D9D /* DailyNews */,
				CB9F1BD425AD18BB00A40D9D /* DailyNewsTests */,
				CB9F1BDF25AD18BC00A40D9D /* DailyNewsUITests */,
				CB9F1BBC25AD18B900A40D9D /* Products */,
			);
			sourceTree = "<group>";
		};
		CB9F1BBC25AD18B900A40D9D /* Products */ = {
			isa = PBXGroup;
			children = (
				CB9F1BBB25AD18B900A40D9D /* DailyNews.app */,
				CB9F1BD125AD18BB00A40D9D /* DailyNewsTests.xctest */,
				CB9F1BDC25AD18BC00A40D9D /* DailyNewsUITests.xctest */,
			);
			name = Products;
			sourceTree = "<group>";
		};
		CB9F1BBD25AD18B900A40D9D /* DailyNews */ = {
			isa = PBXGroup;
			children = (
				CB9F1BBE25AD18B900A40D9D /* AppDelegate.swift */,
				CB9F1BC025AD18B900A40D9D /* SceneDelegate.swift */,
				CB9F1BC225AD18B900A40D9D /* ViewController.swift */,
				CB9F1BC425AD18B900A40D9D /* Main.storyboard */,
				CB9F1BC725AD18BB00A40D9D /* Assets.xcassets */,
				CB9F1BC925AD18BB00A40D9D /* LaunchScreen.storyboard */,
				CB9F1BCC25AD18BB00A40D9D /* Info.plist */,
			);
			path = DailyNews;
			sourceTree = "<group>";
		};
		CB9F1BD425AD18BB00A40D9D /* DailyNewsTests */ = {
			isa = PBXGroup;
			children = (
				CB9F1BD525AD18BB00A40D9D /* DailyNewsTests.swift */,
				CB9F1BD725AD18BB00A40D9D /* Info.plist */,
			);
			path = DailyNewsTests;
			sourceTree = "<group>";
		};
		CB9F1BDF25AD18BC00A40D9D /* DailyNewsUITests */ = {
			isa = PBXGroup;
			children = (
				CB9F1BE025AD18BC00A40D9D /* DailyNewsUITests.swift */,
				CB9F1BE225AD18BC00A40D9D /* Info.plist */,
			);
			path = DailyNewsUITests;
			sourceTree = "<group>";
		};
/* End PBXGroup section */

/* Begin PBXNativeTarget section */
		CB9F1BBA25AD18B900A40D9D /* DailyNews */ = {
			isa = PBXNativeTarget;
			buildConfigurationList = CB9F1BE525AD18BC00A40D9D /* Build configuration list for PBXNativeTarget "DailyNews" */;
			buildPhases = (
				CB9F1BB725AD18B900A40D9D /* Sources */,
				CB9F1BB825AD18B900A40D9D /* Frameworks */,
				CB9F1BB925AD18B900A40D9D /* Resources */,
			);
			buildRules = (
			);
			dependencies = (
			);
			name = DailyNews;
			productName = DailyNews;
			productReference = CB9F1BBB25AD18B900A40D9D /* DailyNews.app */;
			productType = "com.apple.product-type.application";
		};
		CB9F1BD025AD18BB00A40D9D /* DailyNewsTests */ = {
			isa = PBXNativeTarget;
			buildConfigurationList = CB9F1BE825AD18BC00A40D9D /* Build configuration list for PBXNativeTarget "DailyNewsTests" */;
			buildPhases = (
				CB9F1BCD25AD18BB00A40D9D /* Sources */,
				CB9F1BCE25AD18BB00A40D9D /* Frameworks */,
				CB9F1BCF25AD18BB00A40D9D /* Resources */,
			);
			buildRules = (
			);
			dependencies = (
				CB9F1BD325AD18BB00A40D9D /* PBXTargetDependency */,
			);
			name = DailyNewsTests;
			productName = DailyNewsTests;
			productReference = CB9F1BD125AD18BB00A40D9D /* DailyNewsTests.xctest */;
			productType = "com.apple.product-type.bundle.unit-test";
		};
		CB9F1BDB25AD18BC00A40D9D /* DailyNewsUITests */ = {
			isa = PBXNativeTarget;
			buildConfigurationList = CB9F1BEB25AD18BC00A40D9D /* Build configuration list for PBXNativeTarget "DailyNewsUITests" */;
			buildPhases = (
				CB9F1BD825AD18BC00A40D9D /* Sources */,
				CB9F1BD925AD18BC00A40D9D /* Frameworks */,
				CB9F1BDA25AD18BC00A40D9D /* Resources */,
			);
			buildRules = (
			);
			dependencies = (
				CB9F1BDE25AD18BC00A40D9D /* PBXTargetDependency */,
			);
			name = DailyNewsUITests;
			productName = DailyNewsUITests;
			productReference = CB9F1BDC25AD18BC00A40D9D /* DailyNewsUITests.xctest */;
			productType = "com.apple.product-type.bundle.ui-testing";
		};
/* End PBXNativeTarget section */

/* Begin PBXProject section */
		CB9F1BB325AD18B800A40D9D /* Project object */ = {
			isa = PBXProject;
			attributes = {
				LastSwiftUpdateCheck = 1230;
				LastUpgradeCheck = 1230;
				TargetAttributes = {
					CB9F1BBA25AD18B900A40D9D = {
						CreatedOnToolsVersion = 12.3;
					};
					CB9F1BD025AD18BB00A40D9D = {
						CreatedOnToolsVersion = 12.3;
						TestTargetID = CB9F1BBA25AD18B900A40D9D;
					};
					CB9F1BDB25AD18BC00A40D9D = {
						CreatedOnToolsVersion = 12.3;
						TestTargetID = CB9F1BBA25AD18B900A40D9D;
					};
				};
			};
			buildConfigurationList = CB9F1BB625AD18B800A40D9D /* Build configuration list for PBXProject "DailyNews" */;
			compatibilityVersion = "Xcode 9.3";
			developmentRegion = en;
			hasScannedForEncodings = 0;
			knownRegions = (
				en,
				Base,
			);
			mainGroup = CB9F1BB225AD18B800A40D9D;
			productRefGroup = CB9F1BBC25AD18B900A40D9D /* Products */;
			projectDirPath = "";
			projectRoot = "";
			targets = (
				CB9F1BBA25AD18B900A40D9D /* DailyNews */,
				CB9F1BD025AD18BB00A40D9D /* DailyNewsTests */,
				CB9F1BDB25AD18BC00A40D9D /* DailyNewsUITests */,
			);
		};
/* End PBXProject section */

/* Begin PBXResourcesBuildPhase section */
		CB9F1BB925AD18B900A40D9D /* Resources */ = {
			isa = PBXResourcesBuildPhase;
			buildActionMask = 2147483647;
			files = (
				CB9F1BCB25AD18BB00A40D9D /* LaunchScreen.storyboard in Resources */,
				CB9F1BC825AD18BB00A40D9D /* Assets.xcassets in Resources */,
				CB9F1BC625AD18B900A40D9D /* Main.storyboard in Resources */,
			);
			runOnlyForDeploymentPostprocessing = 0;
		};
		CB9F1BCF25AD18BB00A40D9D /* Resources */ = {
			isa = PBXResourcesBuildPhase;
			buildActionMask = 2147483647;
			files = (
			);
			runOnlyForDeploymentPostprocessing = 0;
		};
		CB9F1BDA25AD18BC00A40D9D /* Resources */ = {
			isa = PBXResourcesBuildPhase;
			buildActionMask = 2147483647;
			files = (
			);
			runOnlyForDeploymentPostprocessing = 0;
		};
/* End PBXResourcesBuildPhase section */

/* Begin PBXSourcesBuildPhase section */
		CB9F1BB725AD18B900A40D9D /* Sources */ = {
			isa = PBXSourcesBuildPhase;
			buildActionMask = 2147483647;
			files = (
				CB9F1BC325AD18B900A40D9D /* ViewController.swift in Sources */,
				CB9F1BBF25AD18B900A40D9D /* AppDelegate.swift in Sources */,
				CB9F1BC125AD18B900A40D9D /* SceneDelegate.swift in Sources */,
			);
			runOnlyForDeploymentPostprocessing = 0;
		};
		CB9F1BCD25AD18BB00A40D9D /* Sources */ = {
			isa = PBXSourcesBuildPhase;
			buildActionMask = 2147483647;
			files = (
				CB9F1BD625AD18BB00A40D9D /* DailyNewsTests.swift in Sources */,
			);
			runOnlyForDeploymentPostprocessing = 0;
		};
		CB9F1BD825AD18BC00A40D9D /* Sources */ = {
			isa = PBXSourcesBuildPhase;
			buildActionMask = 2147483647;
			files = (
				CB9F1BE125AD18BC00A40D9D /* DailyNewsUITests.swift in Sources */,
			);
			runOnlyForDeploymentPostprocessing = 0;
		};
/* End PBXSourcesBuildPhase section */

/* Begin PBXTargetDependency section */
		CB9F1BD325AD18BB00A40D9D /* PBXTargetDependency */ = {
			isa = PBXTargetDependency;
			target = CB9F1BBA25AD18B900A40D9D /* DailyNews */;
			targetProxy = CB9F1BD225AD18BB00A40D9D /* PBXContainerItemProxy */;
		};
		CB9F1BDE25AD18BC00A40D9D /* PBXTargetDependency */ = {
			isa = PBXTargetDependency;
			target = CB9F1BBA25AD18B900A40D9D /* DailyNews */;
			targetProxy = CB9F1BDD25AD18BC00A40D9D /* PBXContainerItemProxy */;
		};
/* End PBXTargetDependency section */

/* Begin PBXVariantGroup section */
		CB9F1BC425AD18B900A40D9D /* Main.storyboard */ = {
			isa = PBXVariantGroup;
			children = (
				CB9F1BC525AD18B900A40D9D /* Base */,
			);
			name = Main.storyboard;
			sourceTree = "<group>";
		};
		CB9F1BC925AD18BB00A40D9D /* LaunchScreen.storyboard */ = {
			isa = PBXVariantGroup;
			children = (
				CB9F1BCA25AD18BB00A40D9D /* Base */,
			);
			name = LaunchScreen.storyboard;
			sourceTree = "<group>";
		};
/* End PBXVariantGroup section */

/* Begin XCBuildConfiguration section */
		CB9F1BE325AD18BC00A40D9D /* Debug */ = {
			isa = XCBuildConfiguration;
			buildSettings = {
				ALWAYS_SEARCH_USER_PATHS = NO;
				CLANG_ANALYZER_NONNULL = YES;
				CLANG_ANALYZER_NUMBER_OBJECT_CONVERSION = YES_AGGRESSIVE;
				CLANG_CXX_LANGUAGE_STANDARD = "gnu++14";
				CLANG_CXX_LIBRARY = "libc++";
				CLANG_ENABLE_MODULES = YES;
				CLANG_ENABLE_OBJC_ARC = YES;
				CLANG_ENABLE_OBJC_WEAK = YES;
				CLANG_WARN_BLOCK_CAPTURE_AUTORELEASING = YES;
				CLANG_WARN_BOOL_CONVERSION = YES;
				CLANG_WARN_COMMA = YES;
				CLANG_WARN_CONSTANT_CONVERSION = YES;
				CLANG_WARN_DEPRECATED_OBJC_IMPLEMENTATIONS = YES;
				CLANG_WARN_DIRECT_OBJC_ISA_USAGE = YES_ERROR;
				CLANG_WARN_DOCUMENTATION_COMMENTS = YES;
				CLANG_WARN_EMPTY_BODY = YES;
				CLANG_WARN_ENUM_CONVERSION = YES;
				CLANG_WARN_INFINITE_RECURSION = YES;
				CLANG_WARN_INT_CONVERSION = YES;
				CLANG_WARN_NON_LITERAL_NULL_CONVERSION = YES;
				CLANG_WARN_OBJC_IMPLICIT_RETAIN_SELF = YES;
				CLANG_WARN_OBJC_LITERAL_CONVERSION = YES;
				CLANG_WARN_OBJC_ROOT_CLASS = YES_ERROR;
				CLANG_WARN_QUOTED_INCLUDE_IN_FRAMEWORK_HEADER = YES;
				CLANG_WARN_RANGE_LOOP_ANALYSIS = YES;
				CLANG_WARN_STRICT_PROTOTYPES = YES;
				CLANG_WARN_SUSPICIOUS_MOVE = YES;
				CLANG_WARN_UNGUARDED_AVAILABILITY = YES_AGGRESSIVE;
				CLANG_WARN_UNREACHABLE_CODE = YES;
				CLANG_WARN__DUPLICATE_METHOD_MATCH = YES;
				COPY_PHASE_STRIP = NO;
				DEBUG_INFORMATION_FORMAT = dwarf;
				ENABLE_STRICT_OBJC_MSGSEND = YES;
				ENABLE_TESTABILITY = YES;
				GCC_C_LANGUAGE_STANDARD = gnu11;
				GCC_DYNAMIC_NO_PIC = NO;
				GCC_NO_COMMON_BLOCKS = YES;
				GCC_OPTIMIZATION_LEVEL = 0;
				GCC_PREPROCESSOR_DEFINITIONS = (
					"DEBUG=1",
					"$(inherited)",
				);
				GCC_WARN_64_TO_32_BIT_CONVERSION = YES;
				GCC_WARN_ABOUT_RETURN_TYPE = YES_ERROR;
				GCC_WARN_UNDECLARED_SELECTOR = YES;
				GCC_WARN_UNINITIALIZED_AUTOS = YES_AGGRESSIVE;
				GCC_WARN_UNUSED_FUNCTION = YES;
				GCC_WARN_UNUSED_VARIABLE = YES;
				IPHONEOS_DEPLOYMENT_TARGET = 14.3;
				MTL_ENABLE_DEBUG_INFO = INCLUDE_SOURCE;
				MTL_FAST_MATH = YES;
				ONLY_ACTIVE_ARCH = YES;
				SDKROOT = iphoneos;
				SWIFT_ACTIVE_COMPILATION_CONDITIONS = DEBUG;
				SWIFT_OPTIMIZATION_LEVEL = "-Onone";
			};
			name = Debug;
		};
		CB9F1BE425AD18BC00A40D9D /* Release */ = {
			isa = XCBuildConfiguration;
			buildSettings = {
				ALWAYS_SEARCH_USER_PATHS = NO;
				CLANG_ANALYZER_NONNULL = YES;
				CLANG_ANALYZER_NUMBER_OBJECT_CONVERSION = YES_AGGRESSIVE;
				CLANG_CXX_LANGUAGE_STANDARD = "gnu++14";
				CLANG_CXX_LIBRARY = "libc++";
				CLANG_ENABLE_MODULES = YES;
				CLANG_ENABLE_OBJC_ARC = YES;
				CLANG_ENABLE_OBJC_WEAK = YES;
				CLANG_WARN_BLOCK_CAPTURE_AUTORELEASING = YES;
				CLANG_WARN_BOOL_CONVERSION = YES;
				CLANG_WARN_COMMA = YES;
				CLANG_WARN_CONSTANT_CONVERSION = YES;
				CLANG_WARN_DEPRECATED_OBJC_IMPLEMENTATIONS = YES;
				CLANG_WARN_DIRECT_OBJC_ISA_USAGE = YES_ERROR;
				CLANG_WARN_DOCUMENTATION_COMMENTS = YES;
				CLANG_WARN_EMPTY_BODY = YES;
				CLANG_WARN_ENUM_CONVERSION = YES;
				CLANG_WARN_INFINITE_RECURSION = YES;
				CLANG_WARN_INT_CONVERSION = YES;
				CLANG_WARN_NON_LITERAL_NULL_CONVERSION = YES;
				CLANG_WARN_OBJC_IMPLICIT_RETAIN_SELF = YES;
				CLANG_WARN_OBJC_LITERAL_CONVERSION = YES;
				CLANG_WARN_OBJC_ROOT_CLASS = YES_ERROR;
				CLANG_WARN_QUOTED_INCLUDE_IN_FRAMEWORK_HEADER = YES;
				CLANG_WARN_RANGE_LOOP_ANALYSIS = YES;
				CLANG_WARN_STRICT_PROTOTYPES = YES;
				CLANG_WARN_SUSPICIOUS_MOVE = YES;
				CLANG_WARN_UNGUARDED_AVAILABILITY = YES_AGGRESSIVE;
				CLANG_WARN_UNREACHABLE_CODE = YES;
				CLANG_WARN__DUPLICATE_METHOD_MATCH = YES;
				COPY_PHASE_STRIP = NO;
				DEBUG_INFORMATION_FORMAT = "dwarf-with-dsym";
				ENABLE_NS_ASSERTIONS = NO;
				ENABLE_STRICT_OBJC_MSGSEND = YES;
				GCC_C_LANGUAGE_STANDARD = gnu11;
				GCC_NO_COMMON_BLOCKS = YES;
				GCC_WARN_64_TO_32_BIT_CONVERSION = YES;
				GCC_WARN_ABOUT_RETURN_TYPE = YES_ERROR;
				GCC_WARN_UNDECLARED_SELECTOR = YES;
				GCC_WARN_UNINITIALIZED_AUTOS = YES_AGGRESSIVE;
				GCC_WARN_UNUSED_FUNCTION = YES;
				GCC_WARN_UNUSED_VARIABLE = YES;
				IPHONEOS_DEPLOYMENT_TARGET = 14.3;
				MTL_ENABLE_DEBUG_INFO = NO;
				MTL_FAST_MATH = YES;
				SDKROOT = iphoneos;
				SWIFT_COMPILATION_MODE = wholemodule;
				SWIFT_OPTIMIZATION_LEVEL = "-O";
				VALIDATE_PRODUCT = YES;
			};
			name = Release;
		};
		CB9F1BE625AD18BC00A40D9D /* Debug */ = {
			isa = XCBuildConfiguration;
			buildSettings = {
				ASSETCATALOG_COMPILER_APPICON_NAME = AppIcon;
				ASSETCATALOG_COMPILER_GLOBAL_ACCENT_COLOR_NAME = AccentColor;
				CODE_SIGN_STYLE = Automatic;
				DEVELOPMENT_TEAM = MYKB7T756Z;
				INFOPLIST_FILE = DailyNews/Info.plist;
				LD_RUNPATH_SEARCH_PATHS = (
					"$(inherited)",
					"@executable_path/Frameworks",
				);
				PRODUCT_BUNDLE_IDENTIFIER = JohnBaer.DailyNews;
				PRODUCT_NAME = "$(TARGET_NAME)";
				SWIFT_VERSION = 5.0;
				TARGETED_DEVICE_FAMILY = "1,2";
			};
			name = Debug;
		};
		CB9F1BE725AD18BC00A40D9D /* Release */ = {
			isa = XCBuildConfiguration;
			buildSettings = {
				ASSETCATALOG_COMPILER_APPICON_NAME = AppIcon;
				ASSETCATALOG_COMPILER_GLOBAL_ACCENT_COLOR_NAME = AccentColor;
				CODE_SIGN_STYLE = Automatic;
				DEVELOPMENT_TEAM = MYKB7T756Z;
				INFOPLIST_FILE = DailyNews/Info.plist;
				LD_RUNPATH_SEARCH_PATHS = (
					"$(inherited)",
					"@executable_path/Frameworks",
				);
				PRODUCT_BUNDLE_IDENTIFIER = JohnBaer.DailyNews;
				PRODUCT_NAME = "$(TARGET_NAME)";
				SWIFT_VERSION = 5.0;
				TARGETED_DEVICE_FAMILY = "1,2";
			};
			name = Release;
		};
		CB9F1BE925AD18BC00A40D9D /* Debug */ = {
			isa = XCBuildConfiguration;
			buildSettings = {
				ALWAYS_EMBED_SWIFT_STANDARD_LIBRARIES = YES;
				BUNDLE_LOADER = "$(TEST_HOST)";
				CODE_SIGN_STYLE = Automatic;
				DEVELOPMENT_TEAM = MYKB7T756Z;
				INFOPLIST_FILE = DailyNewsTests/Info.plist;
				IPHONEOS_DEPLOYMENT_TARGET = 14.3;
				LD_RUNPATH_SEARCH_PATHS = (
					"$(inherited)",
					"@executable_path/Frameworks",
					"@loader_path/Frameworks",
				);
				PRODUCT_BUNDLE_IDENTIFIER = JohnBaer.DailyNewsTests;
				PRODUCT_NAME = "$(TARGET_NAME)";
				SWIFT_VERSION = 5.0;
				TARGETED_DEVICE_FAMILY = "1,2";
				TEST_HOST = "$(BUILT_PRODUCTS_DIR)/DailyNews.app/DailyNews";
			};
			name = Debug;
		};
		CB9F1BEA25AD18BC00A40D9D /* Release */ = {
			isa = XCBuildConfiguration;
			buildSettings = {
				ALWAYS_EMBED_SWIFT_STANDARD_LIBRARIES = YES;
				BUNDLE_LOADER = "$(TEST_HOST)";
				CODE_SIGN_STYLE = Automatic;
				DEVELOPMENT_TEAM = MYKB7T756Z;
				INFOPLIST_FILE = DailyNewsTests/Info.plist;
				IPHONEOS_DEPLOYMENT_TARGET = 14.3;
				LD_RUNPATH_SEARCH_PATHS = (
					"$(inherited)",
					"@executable_path/Frameworks",
					"@loader_path/Frameworks",
				);
				PRODUCT_BUNDLE_IDENTIFIER = JohnBaer.DailyNewsTests;
				PRODUCT_NAME = "$(TARGET_NAME)";
				SWIFT_VERSION = 5.0;
				TARGETED_DEVICE_FAMILY = "1,2";
				TEST_HOST = "$(BUILT_PRODUCTS_DIR)/DailyNews.app/DailyNews";
			};
			name = Release;
		};
		CB9F1BEC25AD18BC00A40D9D /* Debug */ = {
			isa = XCBuildConfiguration;
			buildSettings = {
				ALWAYS_EMBED_SWIFT_STANDARD_LIBRARIES = YES;
				CODE_SIGN_STYLE = Automatic;
				DEVELOPMENT_TEAM = MYKB7T756Z;
				INFOPLIST_FILE = DailyNewsUITests/Info.plist;
				LD_RUNPATH_SEARCH_PATHS = (
					"$(inherited)",
					"@executable_path/Frameworks",
					"@loader_path/Frameworks",
				);
				PRODUCT_BUNDLE_IDENTIFIER = JohnBaer.DailyNewsUITests;
				PRODUCT_NAME = "$(TARGET_NAME)";
				SWIFT_VERSION = 5.0;
				TARGETED_DEVICE_FAMILY = "1,2";
				TEST_TARGET_NAME = DailyNews;
			};
			name = Debug;
		};
		CB9F1BED25AD18BC00A40D9D /* Release */ = {
			isa = XCBuildConfiguration;
			buildSettings = {
				ALWAYS_EMBED_SWIFT_STANDARD_LIBRARIES = YES;
				CODE_SIGN_STYLE = Automatic;
				DEVELOPMENT_TEAM = MYKB7T756Z;
				INFOPLIST_FILE = DailyNewsUITests/Info.plist;
				LD_RUNPATH_SEARCH_PATHS = (
					"$(inherited)",
					"@executable_path/Frameworks",
					"@loader_path/Frameworks",
				);
				PRODUCT_BUNDLE_IDENTIFIER = JohnBaer.DailyNewsUITests;
				PRODUCT_NAME = "$(TARGET_NAME)";
				SWIFT_VERSION = 5.0;
				TARGETED_DEVICE_FAMILY = "1,2";
				TEST_TARGET_NAME = DailyNews;
			};
			name = Release;
		};
/* End XCBuildConfiguration section */

/* Begin XCConfigurationList section */
		CB9F1BB625AD18B800A40D9D /* Build configuration list for PBXProject "DailyNews" */ = {
			isa = XCConfigurationList;
			buildConfigurations = (
				CB9F1BE325AD18BC00A40D9D /* Debug */,
				CB9F1BE425AD18BC00A40D9D /* Release */,
			);
			defaultConfigurationIsVisible = 0;
			defaultConfigurationName = Release;
		};
		CB9F1BE525AD18BC00A40D9D /* Build configuration list for PBXNativeTarget "DailyNews" */ = {
			isa = XCConfigurationList;
			buildConfigurations = (
				CB9F1BE625AD18BC00A40D9D /* Debug */,
				CB9F1BE725AD18BC00A40D9D /* Release */,
			);
			defaultConfigurationIsVisible = 0;
			defaultConfigurationName = Release;
		};
		CB9F1BE825AD18BC00A40D9D /* Build configuration list for PBXNativeTarget "DailyNewsTests" */ = {
			isa = XCConfigurationList;
			buildConfigurations = (
				CB9F1BE925AD18BC00A40D9D /* Debug */,
				CB9F1BEA25AD18BC00A40D9D /* Release */,
			);
			defaultConfigurationIsVisible = 0;
			defaultConfigurationName = Release;
		};
		CB9F1BEB25AD18BC00A40D9D /* Build configuration list for PBXNativeTarget "DailyNewsUITests" */ = {
			isa = XCConfigurationList;
			buildConfigurations = (
				CB9F1BEC25AD18BC00A40D9D /* Debug */,
				CB9F1BED25AD18BC00A40D9D /* Release */,
			);
			defaultConfigurationIsVisible = 0;
			defaultConfigurationName = Release;
		};
/* End XCConfigurationList section */
	};
	rootObject = CB9F1BB325AD18B800A40D9D /* Project object */;
}
